// !$*UTF8*$!
{
	archiveVersion = 1;
	classes = {
	};
	objectVersion = 46;
	objects = {

/* Begin PBXBuildFile section */
		27E95DAD21A14677830B5D91 /* libPods-Tests.a in Frameworks */ = {isa = PBXBuildFile; fileRef = BE77B0992983466A80B2EDDF /* libPods-Tests.a */; };
		40224CF3183A792C0024AE77 /* Sqwiggle.m in Sources */ = {isa = PBXBuildFile; fileRef = 40DC64821833CB300045B5F3 /* Sqwiggle.m */; };
		40224CF7183AD2360024AE77 /* Sqwiggle+TestHelper.m in Sources */ = {isa = PBXBuildFile; fileRef = 40224CF6183AD2360024AE77 /* Sqwiggle+TestHelper.m */; };
		407A12A81832D06B00819225 /* Foundation.framework in Frameworks */ = {isa = PBXBuildFile; fileRef = 407A12A71832D06B00819225 /* Foundation.framework */; };
		407A12AD1832D06B00819225 /* Sqwiggle.h in CopyFiles */ = {isa = PBXBuildFile; fileRef = 407A12AC1832D06B00819225 /* Sqwiggle.h */; };
		4082A74C1833CD6B009FBC9B /* XCTest.framework in Frameworks */ = {isa = PBXBuildFile; fileRef = 407A12B51832D06B00819225 /* XCTest.framework */; };
		4082A74D1833CD6B009FBC9B /* Foundation.framework in Frameworks */ = {isa = PBXBuildFile; fileRef = 407A12A71832D06B00819225 /* Foundation.framework */; };
		4082A74E1833CD6B009FBC9B /* UIKit.framework in Frameworks */ = {isa = PBXBuildFile; fileRef = 407A12B81832D06B00819225 /* UIKit.framework */; };
		4082A7541833CD6B009FBC9B /* InfoPlist.strings in Resources */ = {isa = PBXBuildFile; fileRef = 4082A7521833CD6B009FBC9B /* InfoPlist.strings */; };
		4082A7561833CD6B009FBC9B /* Tests.m in Sources */ = {isa = PBXBuildFile; fileRef = 4082A7551833CD6B009FBC9B /* Tests.m */; };
		409446DB18340727005C69B0 /* SQUser.m in Sources */ = {isa = PBXBuildFile; fileRef = 409446DA18340727005C69B0 /* SQUser.m */; };
		409446DC18340727005C69B0 /* SQUser.m in Sources */ = {isa = PBXBuildFile; fileRef = 409446DA18340727005C69B0 /* SQUser.m */; };
		409446DF183417F6005C69B0 /* SQConversation.m in Sources */ = {isa = PBXBuildFile; fileRef = 409446DE183417F6005C69B0 /* SQConversation.m */; };
		409446E0183417F6005C69B0 /* SQConversation.m in Sources */ = {isa = PBXBuildFile; fileRef = 409446DE183417F6005C69B0 /* SQConversation.m */; };
		409446E4183418E7005C69B0 /* SQCompany.m in Sources */ = {isa = PBXBuildFile; fileRef = 409446E3183418E7005C69B0 /* SQCompany.m */; };
		409446E5183418E7005C69B0 /* SQCompany.m in Sources */ = {isa = PBXBuildFile; fileRef = 409446E3183418E7005C69B0 /* SQCompany.m */; };
		409446E818341C41005C69B0 /* SQInvite.m in Sources */ = {isa = PBXBuildFile; fileRef = 409446E718341C41005C69B0 /* SQInvite.m */; };
		409446E918341C41005C69B0 /* SQInvite.m in Sources */ = {isa = PBXBuildFile; fileRef = 409446E718341C41005C69B0 /* SQInvite.m */; };
		409446EC18341D15005C69B0 /* SQRoom.m in Sources */ = {isa = PBXBuildFile; fileRef = 409446EB18341D15005C69B0 /* SQRoom.m */; };
		409446ED18341D15005C69B0 /* SQRoom.m in Sources */ = {isa = PBXBuildFile; fileRef = 409446EB18341D15005C69B0 /* SQRoom.m */; };
		409446F018342106005C69B0 /* SQStreamItem.m in Sources */ = {isa = PBXBuildFile; fileRef = 409446EF18342106005C69B0 /* SQStreamItem.m */; };
		409446F118342106005C69B0 /* SQStreamItem.m in Sources */ = {isa = PBXBuildFile; fileRef = 409446EF18342106005C69B0 /* SQStreamItem.m */; };
		409446F418342612005C69B0 /* SQNotification.m in Sources */ = {isa = PBXBuildFile; fileRef = 409446F318342612005C69B0 /* SQNotification.m */; };
		409446F518342612005C69B0 /* SQNotification.m in Sources */ = {isa = PBXBuildFile; fileRef = 409446F318342612005C69B0 /* SQNotification.m */; };
		409446F9183439DF005C69B0 /* SQObject.m in Sources */ = {isa = PBXBuildFile; fileRef = 409446F8183439DF005C69B0 /* SQObject.m */; };
		409446FA183439DF005C69B0 /* SQObject.m in Sources */ = {isa = PBXBuildFile; fileRef = 409446F8183439DF005C69B0 /* SQObject.m */; };
		40AF0656183BBA840092882B /* SQJuggernaut.m in Sources */ = {isa = PBXBuildFile; fileRef = 40AF0655183BBA840092882B /* SQJuggernaut.m */; };
		40AF0657183BBA840092882B /* SQJuggernaut.m in Sources */ = {isa = PBXBuildFile; fileRef = 40AF0655183BBA840092882B /* SQJuggernaut.m */; };
		40DC64831833CB300045B5F3 /* Sqwiggle.m in Sources */ = {isa = PBXBuildFile; fileRef = 40DC64821833CB300045B5F3 /* Sqwiggle.m */; };
/* End PBXBuildFile section */

/* Begin PBXContainerItemProxy section */
		4082A7581833CD6B009FBC9B /* PBXContainerItemProxy */ = {
			isa = PBXContainerItemProxy;
			containerPortal = 407A129C1832D06B00819225 /* Project object */;
			proxyType = 1;
			remoteGlobalIDString = 407A12A31832D06B00819225;
			remoteInfo = SqwiggleSDK;
		};
/* End PBXContainerItemProxy section */

/* Begin PBXCopyFilesBuildPhase section */
		407A12A21832D06B00819225 /* CopyFiles */ = {
			isa = PBXCopyFilesBuildPhase;
			buildActionMask = 2147483647;
			dstPath = "${PRODUCT_NAME}-build";
			dstSubfolderSpec = 16;
			files = (
				407A12AD1832D06B00819225 /* Sqwiggle.h in CopyFiles */,
			);
			runOnlyForDeploymentPostprocessing = 0;
		};
/* End PBXCopyFilesBuildPhase section */

/* Begin PBXFileReference section */
		00B2A893D1EF4F8FBE9661D6 /* Pods.xcconfig */ = {isa = PBXFileReference; includeInIndex = 1; lastKnownFileType = text.xcconfig; name = Pods.xcconfig; path = Pods/Pods.xcconfig; sourceTree = "<group>"; };
		40224CF4183A7AE90024AE77 /* TestHelper.h */ = {isa = PBXFileReference; fileEncoding = 4; lastKnownFileType = sourcecode.c.h; path = TestHelper.h; sourceTree = "<group>"; };
		40224CF5183AD2360024AE77 /* Sqwiggle+TestHelper.h */ = {isa = PBXFileReference; fileEncoding = 4; lastKnownFileType = sourcecode.c.h; path = "Sqwiggle+TestHelper.h"; sourceTree = "<group>"; };
		40224CF6183AD2360024AE77 /* Sqwiggle+TestHelper.m */ = {isa = PBXFileReference; fileEncoding = 4; lastKnownFileType = sourcecode.c.objc; path = "Sqwiggle+TestHelper.m"; sourceTree = "<group>"; };
		40224D34183AE46F0024AE77 /* SQConstants.h */ = {isa = PBXFileReference; fileEncoding = 4; lastKnownFileType = sourcecode.c.h; path = SQConstants.h; sourceTree = "<group>"; };
		40224D54183B067F0024AE77 /* Cocoa.framework */ = {isa = PBXFileReference; lastKnownFileType = wrapper.framework; name = Cocoa.framework; path = Library/Frameworks/Cocoa.framework; sourceTree = DEVELOPER_DIR; };
		40224D57183B067F0024AE77 /* Foundation.framework */ = {isa = PBXFileReference; lastKnownFileType = wrapper.framework; name = Foundation.framework; path = Library/Frameworks/Foundation.framework; sourceTree = SDKROOT; };
		40224D58183B067F0024AE77 /* CoreData.framework */ = {isa = PBXFileReference; lastKnownFileType = wrapper.framework; name = CoreData.framework; path = Library/Frameworks/CoreData.framework; sourceTree = SDKROOT; };
		40224D59183B067F0024AE77 /* AppKit.framework */ = {isa = PBXFileReference; lastKnownFileType = wrapper.framework; name = AppKit.framework; path = Library/Frameworks/AppKit.framework; sourceTree = SDKROOT; };
		40224D5C183B067F0024AE77 /* Sqwiggle-Info.plist */ = {isa = PBXFileReference; lastKnownFileType = text.plist.xml; path = "Sqwiggle-Info.plist"; sourceTree = "<group>"; };
		40224D5E183B067F0024AE77 /* en */ = {isa = PBXFileReference; lastKnownFileType = text.plist.strings; name = en; path = en.lproj/InfoPlist.strings; sourceTree = "<group>"; };
		40224D60183B067F0024AE77 /* Sqwiggle-Prefix.pch */ = {isa = PBXFileReference; lastKnownFileType = sourcecode.c.h; path = "Sqwiggle-Prefix.pch"; sourceTree = "<group>"; };
		40224D61183B067F0024AE77 /* Sqwiggle.h */ = {isa = PBXFileReference; lastKnownFileType = sourcecode.c.h; path = Sqwiggle.h; sourceTree = "<group>"; };
		40224D62183B067F0024AE77 /* Sqwiggle.m */ = {isa = PBXFileReference; lastKnownFileType = sourcecode.c.objc; path = Sqwiggle.m; sourceTree = "<group>"; };
		40224D70183B067F0024AE77 /* SqwiggleTests-Info.plist */ = {isa = PBXFileReference; lastKnownFileType = text.plist.xml; path = "SqwiggleTests-Info.plist"; sourceTree = "<group>"; };
		40224D72183B067F0024AE77 /* en */ = {isa = PBXFileReference; lastKnownFileType = text.plist.strings; name = en; path = en.lproj/InfoPlist.strings; sourceTree = "<group>"; };
		40224D74183B067F0024AE77 /* SqwiggleTests.m */ = {isa = PBXFileReference; lastKnownFileType = sourcecode.c.objc; path = SqwiggleTests.m; sourceTree = "<group>"; };
		407A12A41832D06B00819225 /* libSqwiggleSDK.a */ = {isa = PBXFileReference; explicitFileType = archive.ar; includeInIndex = 0; path = libSqwiggleSDK.a; sourceTree = BUILT_PRODUCTS_DIR; };
		407A12A71832D06B00819225 /* Foundation.framework */ = {isa = PBXFileReference; lastKnownFileType = wrapper.framework; name = Foundation.framework; path = System/Library/Frameworks/Foundation.framework; sourceTree = SDKROOT; };
		407A12AB1832D06B00819225 /* SqwiggleSDK-Prefix.pch */ = {isa = PBXFileReference; lastKnownFileType = sourcecode.c.h; path = "SqwiggleSDK-Prefix.pch"; sourceTree = "<group>"; };
		407A12AC1832D06B00819225 /* Sqwiggle.h */ = {isa = PBXFileReference; lastKnownFileType = sourcecode.c.h; path = Sqwiggle.h; sourceTree = "<group>"; };
		407A12B51832D06B00819225 /* XCTest.framework */ = {isa = PBXFileReference; lastKnownFileType = wrapper.framework; name = XCTest.framework; path = Library/Frameworks/XCTest.framework; sourceTree = DEVELOPER_DIR; };
		407A12B81832D06B00819225 /* UIKit.framework */ = {isa = PBXFileReference; lastKnownFileType = wrapper.framework; name = UIKit.framework; path = Library/Frameworks/UIKit.framework; sourceTree = DEVELOPER_DIR; };
		4082A74B1833CD6B009FBC9B /* Tests.xctest */ = {isa = PBXFileReference; explicitFileType = wrapper.cfbundle; includeInIndex = 0; path = Tests.xctest; sourceTree = BUILT_PRODUCTS_DIR; };
		4082A7511833CD6B009FBC9B /* Tests-Info.plist */ = {isa = PBXFileReference; lastKnownFileType = text.plist.xml; path = "Tests-Info.plist"; sourceTree = "<group>"; };
		4082A7531833CD6B009FBC9B /* en */ = {isa = PBXFileReference; lastKnownFileType = text.plist.strings; name = en; path = en.lproj/InfoPlist.strings; sourceTree = "<group>"; };
		4082A7551833CD6B009FBC9B /* Tests.m */ = {isa = PBXFileReference; lastKnownFileType = sourcecode.c.objc; path = Tests.m; sourceTree = "<group>"; };
		4082A7571833CD6B009FBC9B /* Tests-Prefix.pch */ = {isa = PBXFileReference; lastKnownFileType = sourcecode.c.h; path = "Tests-Prefix.pch"; sourceTree = "<group>"; };
		409446D918340727005C69B0 /* SQUser.h */ = {isa = PBXFileReference; fileEncoding = 4; lastKnownFileType = sourcecode.c.h; path = SQUser.h; sourceTree = "<group>"; };
		409446DA18340727005C69B0 /* SQUser.m */ = {isa = PBXFileReference; fileEncoding = 4; lastKnownFileType = sourcecode.c.objc; path = SQUser.m; sourceTree = "<group>"; };
		409446DD183417F6005C69B0 /* SQConversation.h */ = {isa = PBXFileReference; fileEncoding = 4; lastKnownFileType = sourcecode.c.h; path = SQConversation.h; sourceTree = "<group>"; };
		409446DE183417F6005C69B0 /* SQConversation.m */ = {isa = PBXFileReference; fileEncoding = 4; lastKnownFileType = sourcecode.c.objc; path = SQConversation.m; sourceTree = "<group>"; };
		409446E2183418E7005C69B0 /* SQCompany.h */ = {isa = PBXFileReference; fileEncoding = 4; lastKnownFileType = sourcecode.c.h; path = SQCompany.h; sourceTree = "<group>"; };
		409446E3183418E7005C69B0 /* SQCompany.m */ = {isa = PBXFileReference; fileEncoding = 4; lastKnownFileType = sourcecode.c.objc; path = SQCompany.m; sourceTree = "<group>"; };
		409446E618341C41005C69B0 /* SQInvite.h */ = {isa = PBXFileReference; fileEncoding = 4; lastKnownFileType = sourcecode.c.h; path = SQInvite.h; sourceTree = "<group>"; };
		409446E718341C41005C69B0 /* SQInvite.m */ = {isa = PBXFileReference; fileEncoding = 4; lastKnownFileType = sourcecode.c.objc; path = SQInvite.m; sourceTree = "<group>"; };
		409446EA18341D15005C69B0 /* SQRoom.h */ = {isa = PBXFileReference; fileEncoding = 4; lastKnownFileType = sourcecode.c.h; path = SQRoom.h; sourceTree = "<group>"; };
		409446EB18341D15005C69B0 /* SQRoom.m */ = {isa = PBXFileReference; fileEncoding = 4; lastKnownFileType = sourcecode.c.objc; path = SQRoom.m; sourceTree = "<group>"; };
		409446EE18342106005C69B0 /* SQStreamItem.h */ = {isa = PBXFileReference; fileEncoding = 4; lastKnownFileType = sourcecode.c.h; path = SQStreamItem.h; sourceTree = "<group>"; };
		409446EF18342106005C69B0 /* SQStreamItem.m */ = {isa = PBXFileReference; fileEncoding = 4; lastKnownFileType = sourcecode.c.objc; path = SQStreamItem.m; sourceTree = "<group>"; };
		409446F218342612005C69B0 /* SQNotification.h */ = {isa = PBXFileReference; fileEncoding = 4; lastKnownFileType = sourcecode.c.h; path = SQNotification.h; sourceTree = "<group>"; };
		409446F318342612005C69B0 /* SQNotification.m */ = {isa = PBXFileReference; fileEncoding = 4; lastKnownFileType = sourcecode.c.objc; path = SQNotification.m; sourceTree = "<group>"; };
		409446F718343878005C69B0 /* SQObject.h */ = {isa = PBXFileReference; fileEncoding = 4; lastKnownFileType = sourcecode.c.h; path = SQObject.h; sourceTree = "<group>"; };
		409446F8183439DF005C69B0 /* SQObject.m */ = {isa = PBXFileReference; fileEncoding = 4; lastKnownFileType = sourcecode.c.objc; path = SQObject.m; sourceTree = "<group>"; };
		40AF0654183BBA840092882B /* SQJuggernaut.h */ = {isa = PBXFileReference; fileEncoding = 4; lastKnownFileType = sourcecode.c.h; path = SQJuggernaut.h; sourceTree = "<group>"; };
		40AF0655183BBA840092882B /* SQJuggernaut.m */ = {isa = PBXFileReference; fileEncoding = 4; lastKnownFileType = sourcecode.c.objc; path = SQJuggernaut.m; sourceTree = "<group>"; };
		40DC64821833CB300045B5F3 /* Sqwiggle.m */ = {isa = PBXFileReference; fileEncoding = 4; lastKnownFileType = sourcecode.c.objc; path = Sqwiggle.m; sourceTree = "<group>"; };
		BE77B0992983466A80B2EDDF /* libPods-Tests.a */ = {isa = PBXFileReference; explicitFileType = archive.ar; includeInIndex = 0; path = "libPods-Tests.a"; sourceTree = BUILT_PRODUCTS_DIR; };
		BFD097FBA5D048878F38FADA /* Pods-Tests.xcconfig */ = {isa = PBXFileReference; includeInIndex = 1; lastKnownFileType = text.xcconfig; name = "Pods-Tests.xcconfig"; path = "Pods/Pods-Tests.xcconfig"; sourceTree = "<group>"; };
/* End PBXFileReference section */

/* Begin PBXFrameworksBuildPhase section */
		407A12A11832D06B00819225 /* Frameworks */ = {
			isa = PBXFrameworksBuildPhase;
			buildActionMask = 2147483647;
			files = (
				407A12A81832D06B00819225 /* Foundation.framework in Frameworks */,
			);
			runOnlyForDeploymentPostprocessing = 0;
		};
		4082A7481833CD6B009FBC9B /* Frameworks */ = {
			isa = PBXFrameworksBuildPhase;
			buildActionMask = 2147483647;
			files = (
				4082A74C1833CD6B009FBC9B /* XCTest.framework in Frameworks */,
				4082A74E1833CD6B009FBC9B /* UIKit.framework in Frameworks */,
				4082A74D1833CD6B009FBC9B /* Foundation.framework in Frameworks */,
				27E95DAD21A14677830B5D91 /* libPods-Tests.a in Frameworks */,
			);
			runOnlyForDeploymentPostprocessing = 0;
		};
/* End PBXFrameworksBuildPhase section */

/* Begin PBXGroup section */
		40224D56183B067F0024AE77 /* Other Frameworks */ = {
			isa = PBXGroup;
			children = (
				40224D57183B067F0024AE77 /* Foundation.framework */,
				40224D58183B067F0024AE77 /* CoreData.framework */,
				40224D59183B067F0024AE77 /* AppKit.framework */,
			);
			name = "Other Frameworks";
			sourceTree = "<group>";
		};
		40224D5A183B067F0024AE77 /* Sqwiggle */ = {
			isa = PBXGroup;
			children = (
				40224D61183B067F0024AE77 /* Sqwiggle.h */,
				40224D62183B067F0024AE77 /* Sqwiggle.m */,
				40224D5B183B067F0024AE77 /* Supporting Files */,
			);
			path = Sqwiggle;
			sourceTree = "<group>";
		};
		40224D5B183B067F0024AE77 /* Supporting Files */ = {
			isa = PBXGroup;
			children = (
				40224D5C183B067F0024AE77 /* Sqwiggle-Info.plist */,
				40224D5D183B067F0024AE77 /* InfoPlist.strings */,
				40224D60183B067F0024AE77 /* Sqwiggle-Prefix.pch */,
			);
			name = "Supporting Files";
			sourceTree = "<group>";
		};
		40224D6E183B067F0024AE77 /* SqwiggleTests */ = {
			isa = PBXGroup;
			children = (
				40224D74183B067F0024AE77 /* SqwiggleTests.m */,
				40224D6F183B067F0024AE77 /* Supporting Files */,
			);
			path = SqwiggleTests;
			sourceTree = "<group>";
		};
		40224D6F183B067F0024AE77 /* Supporting Files */ = {
			isa = PBXGroup;
			children = (
				40224D70183B067F0024AE77 /* SqwiggleTests-Info.plist */,
				40224D71183B067F0024AE77 /* InfoPlist.strings */,
			);
			name = "Supporting Files";
			sourceTree = "<group>";
		};
		407A129B1832D06B00819225 = {
			isa = PBXGroup;
			children = (
				407A12A91832D06B00819225 /* Sqwiggle */,
				4082A74F1833CD6B009FBC9B /* Tests */,
				40224D5A183B067F0024AE77 /* Sqwiggle */,
				40224D6E183B067F0024AE77 /* SqwiggleTests */,
				407A12A61832D06B00819225 /* Frameworks */,
				407A12A51832D06B00819225 /* Products */,
				00B2A893D1EF4F8FBE9661D6 /* Pods.xcconfig */,
				BFD097FBA5D048878F38FADA /* Pods-Tests.xcconfig */,
			);
			sourceTree = "<group>";
		};
		407A12A51832D06B00819225 /* Products */ = {
			isa = PBXGroup;
			children = (
				407A12A41832D06B00819225 /* libSqwiggleSDK.a */,
				4082A74B1833CD6B009FBC9B /* Tests.xctest */,
			);
			name = Products;
			sourceTree = "<group>";
		};
		407A12A61832D06B00819225 /* Frameworks */ = {
			isa = PBXGroup;
			children = (
				407A12A71832D06B00819225 /* Foundation.framework */,
				407A12B51832D06B00819225 /* XCTest.framework */,
				407A12B81832D06B00819225 /* UIKit.framework */,
				BE77B0992983466A80B2EDDF /* libPods-Tests.a */,
				40224D54183B067F0024AE77 /* Cocoa.framework */,
				40224D56183B067F0024AE77 /* Other Frameworks */,
			);
			name = Frameworks;
			sourceTree = "<group>";
		};
		407A12A91832D06B00819225 /* Sqwiggle */ = {
			isa = PBXGroup;
			children = (
				407A12AC1832D06B00819225 /* Sqwiggle.h */,
				40DC64821833CB300045B5F3 /* Sqwiggle.m */,
				40AF0658183BBA890092882B /* Dynamic Mapping */,
				409446D8183405C7005C69B0 /* Models */,
				407A12CE1832D72600819225 /* Config */,
				407A12AA1832D06B00819225 /* Supporting Files */,
			);
			name = Sqwiggle;
			path = iOSSDK;
			sourceTree = "<group>";
		};
		407A12AA1832D06B00819225 /* Supporting Files */ = {
			isa = PBXGroup;
			children = (
				407A12AB1832D06B00819225 /* SqwiggleSDK-Prefix.pch */,
			);
			name = "Supporting Files";
			sourceTree = "<group>";
		};
		407A12CE1832D72600819225 /* Config */ = {
			isa = PBXGroup;
			children = (
				40224D34183AE46F0024AE77 /* SQConstants.h */,
			);
			name = Config;
			sourceTree = "<group>";
		};
		4082A74F1833CD6B009FBC9B /* Tests */ = {
			isa = PBXGroup;
			children = (
				4082A7551833CD6B009FBC9B /* Tests.m */,
				40224CF4183A7AE90024AE77 /* TestHelper.h */,
				4082A7501833CD6B009FBC9B /* Supporting Files */,
				40224CF5183AD2360024AE77 /* Sqwiggle+TestHelper.h */,
				40224CF6183AD2360024AE77 /* Sqwiggle+TestHelper.m */,
			);
			path = Tests;
			sourceTree = "<group>";
		};
		4082A7501833CD6B009FBC9B /* Supporting Files */ = {
			isa = PBXGroup;
			children = (
				4082A7511833CD6B009FBC9B /* Tests-Info.plist */,
				4082A7521833CD6B009FBC9B /* InfoPlist.strings */,
				4082A7571833CD6B009FBC9B /* Tests-Prefix.pch */,
			);
			name = "Supporting Files";
			sourceTree = "<group>";
		};
		409446D8183405C7005C69B0 /* Models */ = {
			isa = PBXGroup;
			children = (
				409446F618343847005C69B0 /* Base Model */,
				409446E2183418E7005C69B0 /* SQCompany.h */,
				409446E3183418E7005C69B0 /* SQCompany.m */,
				409446DD183417F6005C69B0 /* SQConversation.h */,
				409446DE183417F6005C69B0 /* SQConversation.m */,
				409446E618341C41005C69B0 /* SQInvite.h */,
				409446E718341C41005C69B0 /* SQInvite.m */,
				409446F218342612005C69B0 /* SQNotification.h */,
				409446F318342612005C69B0 /* SQNotification.m */,
				409446EE18342106005C69B0 /* SQStreamItem.h */,
				409446EF18342106005C69B0 /* SQStreamItem.m */,
				409446D918340727005C69B0 /* SQUser.h */,
				409446DA18340727005C69B0 /* SQUser.m */,
				409446EA18341D15005C69B0 /* SQRoom.h */,
				409446EB18341D15005C69B0 /* SQRoom.m */,
			);
			name = Models;
			sourceTree = "<group>";
		};
		409446F618343847005C69B0 /* Base Model */ = {
			isa = PBXGroup;
			children = (
				409446F718343878005C69B0 /* SQObject.h */,
				409446F8183439DF005C69B0 /* SQObject.m */,
			);
			name = "Base Model";
			sourceTree = "<group>";
		};
		40AF0658183BBA890092882B /* Dynamic Mapping */ = {
			isa = PBXGroup;
			children = (
				40AF0654183BBA840092882B /* SQJuggernaut.h */,
				40AF0655183BBA840092882B /* SQJuggernaut.m */,
			);
			name = "Dynamic Mapping";
			sourceTree = "<group>";
		};
/* End PBXGroup section */

/* Begin PBXNativeTarget section */
		407A12A31832D06B00819225 /* SqwiggleSDK */ = {
			isa = PBXNativeTarget;
			buildConfigurationList = 407A12C71832D06B00819225 /* Build configuration list for PBXNativeTarget "SqwiggleSDK" */;
			buildPhases = (
				8911D2CE796443CD84AE55C6 /* Check Pods Manifest.lock */,
				407A12A01832D06B00819225 /* Sources */,
				407A12A11832D06B00819225 /* Frameworks */,
				407A12A21832D06B00819225 /* CopyFiles */,
				2494A17E88204374B0F4A068 /* Copy Pods Resources */,
			);
			buildRules = (
			);
			dependencies = (
			);
			name = SqwiggleSDK;
			productName = iOSSDK;
			productReference = 407A12A41832D06B00819225 /* libSqwiggleSDK.a */;
			productType = "com.apple.product-type.library.static";
		};
		4082A74A1833CD6B009FBC9B /* Tests */ = {
			isa = PBXNativeTarget;
			buildConfigurationList = 4082A75C1833CD6B009FBC9B /* Build configuration list for PBXNativeTarget "Tests" */;
			buildPhases = (
				62070D9393B74CC4A5499882 /* Check Pods Manifest.lock */,
				4082A7471833CD6B009FBC9B /* Sources */,
				4082A7481833CD6B009FBC9B /* Frameworks */,
				4082A7491833CD6B009FBC9B /* Resources */,
				8C2F5E66282840348AB85E7D /* Copy Pods Resources */,
			);
			buildRules = (
			);
			dependencies = (
				4082A7591833CD6B009FBC9B /* PBXTargetDependency */,
			);
			name = Tests;
			productName = Tests;
			productReference = 4082A74B1833CD6B009FBC9B /* Tests.xctest */;
			productType = "com.apple.product-type.bundle.unit-test";
		};
/* End PBXNativeTarget section */

/* Begin PBXProject section */
		407A129C1832D06B00819225 /* Project object */ = {
			isa = PBXProject;
			attributes = {
				LastUpgradeCheck = 0500;
				ORGANIZATIONNAME = Sqwiggle;
				TargetAttributes = {
					4082A74A1833CD6B009FBC9B = {
						TestTargetID = 40224D52183B067F0024AE77;
					};
				};
			};
			buildConfigurationList = 407A129F1832D06B00819225 /* Build configuration list for PBXProject "SqwiggleSDK" */;
			compatibilityVersion = "Xcode 3.2";
			developmentRegion = English;
			hasScannedForEncodings = 0;
			knownRegions = (
				en,
			);
			mainGroup = 407A129B1832D06B00819225;
			productRefGroup = 407A12A51832D06B00819225 /* Products */;
			projectDirPath = "";
			projectRoot = "";
			targets = (
				407A12A31832D06B00819225 /* SqwiggleSDK */,
				4082A74A1833CD6B009FBC9B /* Tests */,
			);
		};
/* End PBXProject section */

/* Begin PBXResourcesBuildPhase section */
		4082A7491833CD6B009FBC9B /* Resources */ = {
			isa = PBXResourcesBuildPhase;
			buildActionMask = 2147483647;
			files = (
				4082A7541833CD6B009FBC9B /* InfoPlist.strings in Resources */,
			);
			runOnlyForDeploymentPostprocessing = 0;
		};
/* End PBXResourcesBuildPhase section */

/* Begin PBXShellScriptBuildPhase section */
		2494A17E88204374B0F4A068 /* Copy Pods Resources */ = {
			isa = PBXShellScriptBuildPhase;
			buildActionMask = 2147483647;
			files = (
			);
			inputPaths = (
			);
			name = "Copy Pods Resources";
			outputPaths = (
			);
			runOnlyForDeploymentPostprocessing = 0;
			shellPath = /bin/sh;
			shellScript = "\"${SRCROOT}/Pods/Pods-resources.sh\"\n";
			showEnvVarsInLog = 0;
		};
		62070D9393B74CC4A5499882 /* Check Pods Manifest.lock */ = {
			isa = PBXShellScriptBuildPhase;
			buildActionMask = 2147483647;
			files = (
			);
			inputPaths = (
			);
			name = "Check Pods Manifest.lock";
			outputPaths = (
			);
			runOnlyForDeploymentPostprocessing = 0;
			shellPath = /bin/sh;
			shellScript = "diff \"${PODS_ROOT}/../Podfile.lock\" \"${PODS_ROOT}/Manifest.lock\" > /dev/null\nif [[ $? != 0 ]] ; then\n    cat << EOM\nerror: The sandbox is not in sync with the Podfile.lock. Run 'pod install' or update your CocoaPods installation.\nEOM\n    exit 1\nfi\n";
			showEnvVarsInLog = 0;
		};
		8911D2CE796443CD84AE55C6 /* Check Pods Manifest.lock */ = {
			isa = PBXShellScriptBuildPhase;
			buildActionMask = 2147483647;
			files = (
			);
			inputPaths = (
			);
			name = "Check Pods Manifest.lock";
			outputPaths = (
			);
			runOnlyForDeploymentPostprocessing = 0;
			shellPath = /bin/sh;
			shellScript = "diff \"${PODS_ROOT}/../Podfile.lock\" \"${PODS_ROOT}/Manifest.lock\" > /dev/null\nif [[ $? != 0 ]] ; then\n    cat << EOM\nerror: The sandbox is not in sync with the Podfile.lock. Run 'pod install' or update your CocoaPods installation.\nEOM\n    exit 1\nfi\n";
			showEnvVarsInLog = 0;
		};
		8C2F5E66282840348AB85E7D /* Copy Pods Resources */ = {
			isa = PBXShellScriptBuildPhase;
			buildActionMask = 2147483647;
			files = (
			);
			inputPaths = (
			);
			name = "Copy Pods Resources";
			outputPaths = (
			);
			runOnlyForDeploymentPostprocessing = 0;
			shellPath = /bin/sh;
			shellScript = "\"${SRCROOT}/Pods/Pods-Tests-resources.sh\"\n";
			showEnvVarsInLog = 0;
		};
/* End PBXShellScriptBuildPhase section */

/* Begin PBXSourcesBuildPhase section */
		407A12A01832D06B00819225 /* Sources */ = {
			isa = PBXSourcesBuildPhase;
			buildActionMask = 2147483647;
			files = (
				40AF0656183BBA840092882B /* SQJuggernaut.m in Sources */,
				409446F418342612005C69B0 /* SQNotification.m in Sources */,
				409446E818341C41005C69B0 /* SQInvite.m in Sources */,
				409446EC18341D15005C69B0 /* SQRoom.m in Sources */,
				409446DF183417F6005C69B0 /* SQConversation.m in Sources */,
				409446F9183439DF005C69B0 /* SQObject.m in Sources */,
				409446DB18340727005C69B0 /* SQUser.m in Sources */,
				40DC64831833CB300045B5F3 /* Sqwiggle.m in Sources */,
				409446E4183418E7005C69B0 /* SQCompany.m in Sources */,
				409446F018342106005C69B0 /* SQStreamItem.m in Sources */,
			);
			runOnlyForDeploymentPostprocessing = 0;
		};
		4082A7471833CD6B009FBC9B /* Sources */ = {
			isa = PBXSourcesBuildPhase;
			buildActionMask = 2147483647;
			files = (
				40224CF3183A792C0024AE77 /* Sqwiggle.m in Sources */,
				40224CF7183AD2360024AE77 /* Sqwiggle+TestHelper.m in Sources */,
				409446F518342612005C69B0 /* SQNotification.m in Sources */,
				409446E918341C41005C69B0 /* SQInvite.m in Sources */,
				409446ED18341D15005C69B0 /* SQRoom.m in Sources */,
				409446E0183417F6005C69B0 /* SQConversation.m in Sources */,
				40AF0657183BBA840092882B /* SQJuggernaut.m in Sources */,
				409446FA183439DF005C69B0 /* SQObject.m in Sources */,
				409446DC18340727005C69B0 /* SQUser.m in Sources */,
				4082A7561833CD6B009FBC9B /* Tests.m in Sources */,
				409446E5183418E7005C69B0 /* SQCompany.m in Sources */,
				409446F118342106005C69B0 /* SQStreamItem.m in Sources */,
			);
			runOnlyForDeploymentPostprocessing = 0;
		};
/* End PBXSourcesBuildPhase section */

/* Begin PBXTargetDependency section */
		4082A7591833CD6B009FBC9B /* PBXTargetDependency */ = {
			isa = PBXTargetDependency;
			target = 407A12A31832D06B00819225 /* SqwiggleSDK */;
			targetProxy = 4082A7581833CD6B009FBC9B /* PBXContainerItemProxy */;
		};
/* End PBXTargetDependency section */

/* Begin PBXVariantGroup section */
		40224D5D183B067F0024AE77 /* InfoPlist.strings */ = {
			isa = PBXVariantGroup;
			children = (
				40224D5E183B067F0024AE77 /* en */,
			);
			name = InfoPlist.strings;
			sourceTree = "<group>";
		};
		40224D71183B067F0024AE77 /* InfoPlist.strings */ = {
			isa = PBXVariantGroup;
			children = (
				40224D72183B067F0024AE77 /* en */,
			);
			name = InfoPlist.strings;
			sourceTree = "<group>";
		};
		4082A7521833CD6B009FBC9B /* InfoPlist.strings */ = {
			isa = PBXVariantGroup;
			children = (
				4082A7531833CD6B009FBC9B /* en */,
			);
			name = InfoPlist.strings;
			sourceTree = "<group>";
		};
/* End PBXVariantGroup section */

/* Begin XCBuildConfiguration section */
		407A12C51832D06B00819225 /* Debug */ = {
			isa = XCBuildConfiguration;
			buildSettings = {
				ALWAYS_SEARCH_USER_PATHS = NO;
				ARCHS = "$(ARCHS_STANDARD_INCLUDING_64_BIT)";
				CLANG_CXX_LANGUAGE_STANDARD = "gnu++0x";
				CLANG_CXX_LIBRARY = "libc++";
				CLANG_ENABLE_MODULES = YES;
				CLANG_ENABLE_OBJC_ARC = YES;
				CLANG_WARN_BOOL_CONVERSION = YES;
				CLANG_WARN_CONSTANT_CONVERSION = YES;
				CLANG_WARN_DIRECT_OBJC_ISA_USAGE = YES_ERROR;
				CLANG_WARN_EMPTY_BODY = YES;
				CLANG_WARN_ENUM_CONVERSION = YES;
				CLANG_WARN_INT_CONVERSION = YES;
				CLANG_WARN_OBJC_ROOT_CLASS = YES_ERROR;
				CLANG_WARN__DUPLICATE_METHOD_MATCH = YES;
				CONFIGURATION_BUILD_DIR = "$(BUILT_PRODUCTS_DIR)";
				COPY_PHASE_STRIP = NO;
				GCC_C_LANGUAGE_STANDARD = gnu99;
				GCC_DYNAMIC_NO_PIC = NO;
				GCC_OPTIMIZATION_LEVEL = 0;
				GCC_PREPROCESSOR_DEFINITIONS = (
					"DEBUG=1",
					"$(inherited)",
				);
				GCC_SYMBOLS_PRIVATE_EXTERN = NO;
				GCC_WARN_64_TO_32_BIT_CONVERSION = YES;
				GCC_WARN_ABOUT_RETURN_TYPE = YES_ERROR;
				GCC_WARN_UNDECLARED_SELECTOR = YES;
				GCC_WARN_UNINITIALIZED_AUTOS = YES;
				GCC_WARN_UNUSED_FUNCTION = YES;
				GCC_WARN_UNUSED_VARIABLE = YES;
				HEADER_SEARCH_PATHS = (
					"$(inherited)",
					/Applications/Xcode.app/Contents/Developer/Toolchains/XcodeDefault.xctoolchain/usr/include,
					"${SRCROOT}/Pods",
				);
				IPHONEOS_DEPLOYMENT_TARGET = 7.0;
				ONLY_ACTIVE_ARCH = YES;
				PODS_ROOT = "${SRCROOT}/Pods";
				SDKROOT = iphoneos;
			};
			name = Debug;
		};
		407A12C61832D06B00819225 /* Release */ = {
			isa = XCBuildConfiguration;
			buildSettings = {
				ALWAYS_SEARCH_USER_PATHS = NO;
				ARCHS = "$(ARCHS_STANDARD_INCLUDING_64_BIT)";
				CLANG_CXX_LANGUAGE_STANDARD = "gnu++0x";
				CLANG_CXX_LIBRARY = "libc++";
				CLANG_ENABLE_MODULES = YES;
				CLANG_ENABLE_OBJC_ARC = YES;
				CLANG_WARN_BOOL_CONVERSION = YES;
				CLANG_WARN_CONSTANT_CONVERSION = YES;
				CLANG_WARN_DIRECT_OBJC_ISA_USAGE = YES_ERROR;
				CLANG_WARN_EMPTY_BODY = YES;
				CLANG_WARN_ENUM_CONVERSION = YES;
				CLANG_WARN_INT_CONVERSION = YES;
				CLANG_WARN_OBJC_ROOT_CLASS = YES_ERROR;
				CLANG_WARN__DUPLICATE_METHOD_MATCH = YES;
				CONFIGURATION_BUILD_DIR = "$(BUILT_PRODUCTS_DIR)";
				COPY_PHASE_STRIP = YES;
				ENABLE_NS_ASSERTIONS = NO;
				GCC_C_LANGUAGE_STANDARD = gnu99;
				GCC_WARN_64_TO_32_BIT_CONVERSION = YES;
				GCC_WARN_ABOUT_RETURN_TYPE = YES_ERROR;
				GCC_WARN_UNDECLARED_SELECTOR = YES;
				GCC_WARN_UNINITIALIZED_AUTOS = YES;
				GCC_WARN_UNUSED_FUNCTION = YES;
				GCC_WARN_UNUSED_VARIABLE = YES;
				HEADER_SEARCH_PATHS = (
					"$(inherited)",
					/Applications/Xcode.app/Contents/Developer/Toolchains/XcodeDefault.xctoolchain/usr/include,
					"${SRCROOT}/Pods",
				);
				IPHONEOS_DEPLOYMENT_TARGET = 7.0;
				ONLY_ACTIVE_ARCH = YES;
				PODS_ROOT = "${SRCROOT}/Pods";
				SDKROOT = iphoneos;
				VALIDATE_PRODUCT = YES;
			};
			name = Release;
		};
		407A12C81832D06B00819225 /* Debug */ = {
			isa = XCBuildConfiguration;
			baseConfigurationReference = 00B2A893D1EF4F8FBE9661D6 /* Pods.xcconfig */;
			buildSettings = {
				DSTROOT = /tmp/iOSSDK.dst;
				GCC_PRECOMPILE_PREFIX_HEADER = YES;
				GCC_PREFIX_HEADER = "iOSSDK/SqwiggleSDK-Prefix.pch";
				ONLY_ACTIVE_ARCH = NO;
				OTHER_LDFLAGS = "-ObjC";
				PRODUCT_NAME = SqwiggleSDK;
				SKIP_INSTALL = YES;
				VALID_ARCHS = "arm64 armv7 armv7s";
			};
			name = Debug;
		};
		407A12C91832D06B00819225 /* Release */ = {
			isa = XCBuildConfiguration;
			baseConfigurationReference = 00B2A893D1EF4F8FBE9661D6 /* Pods.xcconfig */;
			buildSettings = {
				DSTROOT = /tmp/iOSSDK.dst;
				GCC_PRECOMPILE_PREFIX_HEADER = YES;
				GCC_PREFIX_HEADER = "iOSSDK/SqwiggleSDK-Prefix.pch";
				ONLY_ACTIVE_ARCH = NO;
				OTHER_LDFLAGS = "-ObjC";
				PRODUCT_NAME = SqwiggleSDK;
				SKIP_INSTALL = YES;
				VALID_ARCHS = "arm64 armv7 armv7s";
			};
			name = Release;
		};
		4082A75A1833CD6B009FBC9B /* Debug */ = {
			isa = XCBuildConfiguration;
			baseConfigurationReference = BFD097FBA5D048878F38FADA /* Pods-Tests.xcconfig */;
			buildSettings = {
				ARCHS = "$(ARCHS_STANDARD_INCLUDING_64_BIT)";
				BUNDLE_LOADER = "";
				FRAMEWORK_SEARCH_PATHS = (
					"$(SDKROOT)/Developer/Library/Frameworks",
					"$(inherited)",
					"$(DEVELOPER_FRAMEWORKS_DIR)",
				);
				GCC_PRECOMPILE_PREFIX_HEADER = YES;
				GCC_PREFIX_HEADER = "Tests/Tests-Prefix.pch";
				GCC_PREPROCESSOR_DEFINITIONS = (
					"DEBUG=1",
					"$(inherited)",
				);
				INFOPLIST_FILE = "Tests/Tests-Info.plist";
				PRODUCT_NAME = "$(TARGET_NAME)";
				TEST_HOST = "$(BUNDLE_LOADER)";
				VALID_ARCHS = "arm64 armv7 armv7s";
				WRAPPER_EXTENSION = xctest;
			};
			name = Debug;
		};
		4082A75B1833CD6B009FBC9B /* Release */ = {
			isa = XCBuildConfiguration;
			baseConfigurationReference = BFD097FBA5D048878F38FADA /* Pods-Tests.xcconfig */;
			buildSettings = {
				ARCHS = "$(ARCHS_STANDARD_INCLUDING_64_BIT)";
				BUNDLE_LOADER = "";
				FRAMEWORK_SEARCH_PATHS = (
					"$(SDKROOT)/Developer/Library/Frameworks",
					"$(inherited)",
					"$(DEVELOPER_FRAMEWORKS_DIR)",
				);
				GCC_PRECOMPILE_PREFIX_HEADER = YES;
				GCC_PREFIX_HEADER = "Tests/Tests-Prefix.pch";
				INFOPLIST_FILE = "Tests/Tests-Info.plist";
				PRODUCT_NAME = "$(TARGET_NAME)";
				TEST_HOST = "$(BUNDLE_LOADER)";
				VALID_ARCHS = "arm64 armv7 armv7s";
				WRAPPER_EXTENSION = xctest;
			};
			name = Release;
		};
/* End XCBuildConfiguration section */

/* Begin XCConfigurationList section */
		407A129F1832D06B00819225 /* Build configuration list for PBXProject "SqwiggleSDK" */ = {
			isa = XCConfigurationList;
			buildConfigurations = (
				407A12C51832D06B00819225 /* Debug */,
				407A12C61832D06B00819225 /* Release */,
			);
			defaultConfigurationIsVisible = 0;
			defaultConfigurationName = Release;
		};
		407A12C71832D06B00819225 /* Build configuration list for PBXNativeTarget "SqwiggleSDK" */ = {
			isa = XCConfigurationList;
			buildConfigurations = (
				407A12C81832D06B00819225 /* Debug */,
				407A12C91832D06B00819225 /* Release */,
			);
			defaultConfigurationIsVisible = 0;
			defaultConfigurationName = Release;
		};
		4082A75C1833CD6B009FBC9B /* Build configuration list for PBXNativeTarget "Tests" */ = {
			isa = XCConfigurationList;
			buildConfigurations = (
				4082A75A1833CD6B009FBC9B /* Debug */,
				4082A75B1833CD6B009FBC9B /* Release */,
			);
			defaultConfigurationIsVisible = 0;
			defaultConfigurationName = Release;
		};
/* End XCConfigurationList section */
	};
	rootObject = 407A129C1832D06B00819225 /* Project object */;
}
