PODS:
  - AFNetworking (2.0.2):
    - AFNetworking/NSURLConnection
    - AFNetworking/NSURLSession
    - AFNetworking/Reachability
    - AFNetworking/Security
    - AFNetworking/Serialization
    - AFNetworking/UIKit
  - AFNetworking/NSURLConnection (2.0.2):
    - AFNetworking/Reachability
    - AFNetworking/Security
    - AFNetworking/Serialization
  - AFNetworking/NSURLSession (2.0.2):
    - AFNetworking/NSURLConnection
  - AFNetworking/Reachability (2.0.2)
  - AFNetworking/Security (2.0.2)
  - AFNetworking/Serialization (2.0.2)
  - AFNetworking/UIKit (2.0.2):
    - AFNetworking/NSURLConnection
  - ObjectiveSugar (0.9)
  - OHHTTPStubs (3.0.2)

DEPENDENCIES:
  - AFNetworking (~> 2.0.2)
  - ObjectiveSugar (~> 0.9)
  - OHHTTPStubs (~> 3.0.2)

SPEC CHECKSUMS:
  AFNetworking: e663917201cdb73f4ad2ba239ad35be8dc9a1e3c
  ObjectiveSugar: 81337e36790b5a157ee6ccdcf65c91393ca5d900
  OHHTTPStubs: 7be864a1c40c6a5007fe3e8679c109ca45590803

COCOAPODS: 0.27.1
